// !$*UTF8*$!
{
	archiveVersion = 1;
	classes = {
	};
	objectVersion = 77;
	objects = {

/* Begin PBXFileReference section */
		A100000000000000000001 /* T4KASH.app */ = {isa = PBXFileReference; explicitFileType = wrapper.application; includeInIndex = 0; path = T4KASH.app; sourceTree = BUILT_PRODUCTS_DIR; };
		A100000000000000000002 /* T4KASHTests.xctest */ = {isa = PBXFileReference; explicitFileType = wrapper.cfbundle; includeInIndex = 0; path = T4KASHTests.xctest; sourceTree = BUILT_PRODUCTS_DIR; };
/* End PBXFileReference section */

/* Begin PBXFileSystemSynchronizedRootGroup section */
		A100000000000000000010 /* T4KASH */ = {isa = PBXFileSystemSynchronizedRootGroup; exceptions = (A100000000000000000012 /* Exceptions */, ); path = T4KASH; sourceTree = "<group>"; };
		A100000000000000000011 /* T4KASHTests */ = {isa = PBXFileSystemSynchronizedRootGroup; path = T4KASHTests; sourceTree = "<group>"; };
/* End PBXFileSystemSynchronizedRootGroup section */

/* Begin PBXFileSystemSynchronizedBuildFileExceptionSet section */
		A100000000000000000012 /* Exceptions */ = {
			isa = PBXFileSystemSynchronizedBuildFileExceptionSet;
			membershipExceptions = (
				Resources/Info.plist,
			);
			target = A100000000000000000020 /* T4KASH */;
		};
/* End PBXFileSystemSynchronizedBuildFileExceptionSet section */

/* Begin PBXFrameworksBuildPhase section */
		A100000000000000000030 /* Frameworks */ = {isa = PBXFrameworksBuildPhase; buildActionMask = 2147483647; files = (); runOnlyForDeploymentPostprocessing = 0; };
		A100000000000000000031 /* Frameworks */ = {isa = PBXFrameworksBuildPhase; buildActionMask = 2147483647; files = (); runOnlyForDeploymentPostprocessing = 0; };
/* End PBXFrameworksBuildPhase section */

/* Begin PBXGroup section */
		A100000000000000000040 = {
			isa = PBXGroup;
			children = (
				A100000000000000000010 /* T4KASH */,
				A100000000000000000011 /* T4KASHTests */,
				A100000000000000000041 /* Products */,
			);
			sourceTree = "<group>";
		};
		A100000000000000000041 /* Products */ = {
			isa = PBXGroup;
			children = (
				A100000000000000000001 /* T4KASH.app */,
				A100000000000000000002 /* T4KASHTests.xctest */,
			);
			name = Products;
			sourceTree = "<group>";
		};
/* End PBXGroup section */

/* Begin PBXNativeTarget section */
		A100000000000000000020 /* T4KASH */ = {
			isa = PBXNativeTarget;
			buildConfigurationList = A100000000000000000050 /* Build configuration list for PBXNativeTarget "T4KASH" */;
			buildPhases = (
				A100000000000000000060 /* Sources */,
				A100000000000000000030 /* Frameworks */,
				A100000000000000000070 /* Resources */,
			);
			buildRules = ();
			dependencies = ();
			fileSystemSynchronizedGroups = (
				A100000000000000000010 /* T4KASH */,
			);
			name = T4KASH;
			productName = T4KASH;
			productReference = A100000000000000000001 /* T4KASH.app */;
			productType = "com.apple.product-type.application";
		};
		A100000000000000000021 /* T4KASHTests */ = {
			isa = PBXNativeTarget;
			buildConfigurationList = A100000000000000000051 /* Build configuration list for PBXNativeTarget "T4KASHTests" */;
			buildPhases = (
				A100000000000000000061 /* Sources */,
				A100000000000000000031 /* Frameworks */,
				A100000000000000000071 /* Resources */,
			);
			buildRules = ();
			dependencies = (
				A100000000000000000080 /* PBXTargetDependency */,
			);
			fileSystemSynchronizedGroups = (
				A100000000000000000011 /* T4KASHTests */,
			);
			name = T4KASHTests;
			productName = T4KASHTests;
			productReference = A100000000000000000002 /* T4KASHTests.xctest */;
			productType = "com.apple.product-type.bundle.unit-test";
		};
/* End PBXNativeTarget section */

/* Begin PBXProject section */
		A100000000000000000090 /* Project object */ = {
			isa = PBXProject;
			attributes = {
				BuildIndependentTargetsInParallel = 1;
				LastSwiftUpdateCheck = 1620;
				LastUpgradeCheck = 1620;
				TargetAttributes = {
					A100000000000000000020 = {
						CreatedOnToolsVersion = 16.2;
					};
					A100000000000000000021 = {
						CreatedOnToolsVersion = 16.2;
						TestTargetID = A100000000000000000020;
					};
				};
			};
			buildConfigurationList = A100000000000000000052 /* Build configuration list for PBXProject "T4KASH" */;
			developmentRegion = es;
			hasScannedForEncodings = 0;
			knownRegions = (
				es,
				en,
				Base,
			);
			mainGroup = A100000000000000000040;
			minimizedProjectReferenceProxies = 1;
			preferredProjectObjectVersion = 77;
			productRefGroup = A100000000000000000041 /* Products */;
			projectDirPath = "";
			projectRoot = "";
			targets = (
				A100000000000000000020 /* T4KASH */,
				A100000000000000000021 /* T4KASHTests */,
			);
		};
/* End PBXProject section */

/* Begin PBXResourcesBuildPhase section */
		A100000000000000000070 /* Resources */ = {isa = PBXResourcesBuildPhase; buildActionMask = 2147483647; files = (); runOnlyForDeploymentPostprocessing = 0; };
		A100000000000000000071 /* Resources */ = {isa = PBXResourcesBuildPhase; buildActionMask = 2147483647; files = (); runOnlyForDeploymentPostprocessing = 0; };
/* End PBXResourcesBuildPhase section */

/* Begin PBXSourcesBuildPhase section */
		A100000000000000000060 /* Sources */ = {isa = PBXSourcesBuildPhase; buildActionMask = 2147483647; files = (); runOnlyForDeploymentPostprocessing = 0; };
		A100000000000000000061 /* Sources */ = {isa = PBXSourcesBuildPhase; buildActionMask = 2147483647; files = (); runOnlyForDeploymentPostprocessing = 0; };
/* End PBXSourcesBuildPhase section */

/* Begin PBXTargetDependency section */
		A100000000000000000080 /* PBXTargetDependency */ = {
			isa = PBXTargetDependency;
			target = A100000000000000000020 /* T4KASH */;
			targetProxy = A100000000000000000081 /* PBXContainerItemProxy */;
		};
/* End PBXTargetDependency section */

/* Begin PBXContainerItemProxy section */
		A100000000000000000081 /* PBXContainerItemProxy */ = {
			isa = PBXContainerItemProxy;
			containerPortal = A100000000000000000090 /* Project object */;
			proxyType = 1;
			remoteGlobalIDString = A100000000000000000020;
			remoteInfo = T4KASH;
		};
/* End PBXContainerItemProxy section */

/* Begin XCBuildConfiguration section */
		A100000000000000000100 /* Debug */ = {
			isa = XCBuildConfiguration;
			buildSettings = {
				ALWAYS_SEARCH_USER_PATHS = NO;
				ASSETCATALOG_COMPILER_GENERATE_SWIFT_ASSET_SYMBOL_EXTENSIONS = YES;
				CLANG_ANALYZER_NONNULL = YES;
				CLANG_ENABLE_MODULES = YES;
				CLANG_ENABLE_OBJC_ARC = YES;
				CLANG_WARN_DOCUMENTATION_COMMENTS = YES;
				CLANG_WARN_UNGUARDED_AVAILABILITY = YES_AGGRESSIVE;
				COPY_PHASE_STRIP = NO;
				DEBUG_INFORMATION_FORMAT = dwarf;
				ENABLE_STRICT_OBJC_MSGSEND = YES;
				ENABLE_TESTABILITY = YES;
				ENABLE_USER_SCRIPT_SANDBOXING = YES;
				GCC_C_LANGUAGE_STANDARD = gnu17;
				GCC_DYNAMIC_NO_PIC = NO;
				GCC_NO_COMMON_BLOCKS = YES;
				GCC_OPTIMIZATION_LEVEL = 0;
				GCC_PREPROCESSOR_DEFINITIONS = (
					"DEBUG=1",
					"$(inherited)",
				);
				IPHONEOS_DEPLOYMENT_TARGET = 17.0;
				MTL_ENABLE_DEBUG_INFO = INCLUDE_SOURCE;
				MTL_FAST_MATH = YES;
				ONLY_ACTIVE_ARCH = YES;
				SDKROOT = iphoneos;
				T4KASH_API_BASE_URL = "https://t4k4sh.onrender.com/api/";
				T4KASH_BUNDLE_ID = com.t4kash.app;
				T4KASH_DEVELOPMENT_TEAM = "";
				SWIFT_ACTIVE_COMPILATION_CONDITIONS = "DEBUG $(inherited)";
				SWIFT_OPTIMIZATION_LEVEL = "-Onone";
				SWIFT_VERSION = 5.0;
			};
			name = Debug;
		};
		A100000000000000000101 /* Release */ = {
			isa = XCBuildConfiguration;
			buildSettings = {
				ALWAYS_SEARCH_USER_PATHS = NO;
				ASSETCATALOG_COMPILER_GENERATE_SWIFT_ASSET_SYMBOL_EXTENSIONS = YES;
				CLANG_ANALYZER_NONNULL = YES;
				CLANG_ENABLE_MODULES = YES;
				CLANG_ENABLE_OBJC_ARC = YES;
				CLANG_WARN_DOCUMENTATION_COMMENTS = YES;
				CLANG_WARN_UNGUARDED_AVAILABILITY = YES_AGGRESSIVE;
				COPY_PHASE_STRIP = NO;
				DEBUG_INFORMATION_FORMAT = "dwarf-with-dsym";
				ENABLE_NS_ASSERTIONS = NO;
				ENABLE_STRICT_OBJC_MSGSEND = YES;
				ENABLE_USER_SCRIPT_SANDBOXING = YES;
				GCC_C_LANGUAGE_STANDARD = gnu17;
				GCC_NO_COMMON_BLOCKS = YES;
				IPHONEOS_DEPLOYMENT_TARGET = 17.0;
				MTL_ENABLE_DEBUG_INFO = NO;
				MTL_FAST_MATH = YES;
				SDKROOT = iphoneos;
				T4KASH_API_BASE_URL = "https://t4k4sh.onrender.com/api/";
				T4KASH_BUNDLE_ID = com.t4kash.app;
				T4KASH_DEVELOPMENT_TEAM = "";
				SWIFT_COMPILATION_MODE = wholemodule;
				SWIFT_VERSION = 5.0;
				VALIDATE_PRODUCT = YES;
			};
			name = Release;
		};
		A100000000000000000110 /* Debug */ = {
			isa = XCBuildConfiguration;
			buildSettings = {
				ASSETCATALOG_COMPILER_APPICON_NAME = AppIcon;
				ASSETCATALOG_COMPILER_GLOBAL_ACCENT_COLOR_NAME = AccentColor;
				CODE_SIGN_STYLE = Automatic;
				CURRENT_PROJECT_VERSION = 1;
				DEVELOPMENT_TEAM = "$(T4KASH_DEVELOPMENT_TEAM)";
				ENABLE_PREVIEWS = YES;
				GENERATE_INFOPLIST_FILE = NO;
				INFOPLIST_FILE = "T4KASH/Resources/Info.plist";
				LD_RUNPATH_SEARCH_PATHS = (
					"$(inherited)",
					"@executable_path/Frameworks",
				);
				MARKETING_VERSION = 1.0;
				PRODUCT_BUNDLE_IDENTIFIER = "$(T4KASH_BUNDLE_ID)";
				PRODUCT_NAME = "$(TARGET_NAME)";
				SWIFT_EMIT_LOC_STRINGS = YES;
				TARGETED_DEVICE_FAMILY = 1;
			};
			name = Debug;
		};
		A100000000000000000111 /* Release */ = {
			isa = XCBuildConfiguration;
			buildSettings = {
				ASSETCATALOG_COMPILER_APPICON_NAME = AppIcon;
				ASSETCATALOG_COMPILER_GLOBAL_ACCENT_COLOR_NAME = AccentColor;
				CODE_SIGN_STYLE = Automatic;
				CURRENT_PROJECT_VERSION = 1;
				DEVELOPMENT_TEAM = "$(T4KASH_DEVELOPMENT_TEAM)";
				ENABLE_PREVIEWS = YES;
				GENERATE_INFOPLIST_FILE = NO;
				INFOPLIST_FILE = "T4KASH/Resources/Info.plist";
				LD_RUNPATH_SEARCH_PATHS = (
					"$(inherited)",
					"@executable_path/Frameworks",
				);
				MARKETING_VERSION = 1.0;
				PRODUCT_BUNDLE_IDENTIFIER = "$(T4KASH_BUNDLE_ID)";
				PRODUCT_NAME = "$(TARGET_NAME)";
				SWIFT_EMIT_LOC_STRINGS = YES;
				TARGETED_DEVICE_FAMILY = 1;
			};
			name = Release;
		};
		A100000000000000000120 /* Debug */ = {
			isa = XCBuildConfiguration;
			buildSettings = {
				BUNDLE_LOADER = "$(TEST_HOST)";
				CODE_SIGN_STYLE = Automatic;
				CURRENT_PROJECT_VERSION = 1;
				DEVELOPMENT_TEAM = "$(T4KASH_DEVELOPMENT_TEAM)";
				GENERATE_INFOPLIST_FILE = YES;
				MARKETING_VERSION = 1.0;
				PRODUCT_BUNDLE_IDENTIFIER = "$(T4KASH_BUNDLE_ID).tests";
				PRODUCT_NAME = "$(TARGET_NAME)";
				TARGETED_DEVICE_FAMILY = 1;
				TEST_HOST = "$(BUILT_PRODUCTS_DIR)/T4KASH.app/$(BUNDLE_EXECUTABLE_FOLDER_PATH)/T4KASH";
			};
			name = Debug;
		};
		A100000000000000000121 /* Release */ = {
			isa = XCBuildConfiguration;
			buildSettings = {
				BUNDLE_LOADER = "$(TEST_HOST)";
				CODE_SIGN_STYLE = Automatic;
				CURRENT_PROJECT_VERSION = 1;
				DEVELOPMENT_TEAM = "$(T4KASH_DEVELOPMENT_TEAM)";
				GENERATE_INFOPLIST_FILE = YES;
				MARKETING_VERSION = 1.0;
				PRODUCT_BUNDLE_IDENTIFIER = "$(T4KASH_BUNDLE_ID).tests";
				PRODUCT_NAME = "$(TARGET_NAME)";
				TARGETED_DEVICE_FAMILY = 1;
				TEST_HOST = "$(BUILT_PRODUCTS_DIR)/T4KASH.app/$(BUNDLE_EXECUTABLE_FOLDER_PATH)/T4KASH";
			};
			name = Release;
		};
/* End XCBuildConfiguration section */

/* Begin XCConfigurationList section */
		A100000000000000000052 /* Build configuration list for PBXProject "T4KASH" */ = {
			isa = XCConfigurationList;
			buildConfigurations = (
				A100000000000000000100 /* Debug */,
				A100000000000000000101 /* Release */,
			);
			defaultConfigurationIsVisible = 0;
			defaultConfigurationName = Release;
		};
		A100000000000000000050 /* Build configuration list for PBXNativeTarget "T4KASH" */ = {
			isa = XCConfigurationList;
			buildConfigurations = (
				A100000000000000000110 /* Debug */,
				A100000000000000000111 /* Release */,
			);
			defaultConfigurationIsVisible = 0;
			defaultConfigurationName = Release;
		};
		A100000000000000000051 /* Build configuration list for PBXNativeTarget "T4KASHTests" */ = {
			isa = XCConfigurationList;
			buildConfigurations = (
				A100000000000000000120 /* Debug */,
				A100000000000000000121 /* Release */,
			);
			defaultConfigurationIsVisible = 0;
			defaultConfigurationName = Release;
		};
/* End XCConfigurationList section */
	};
	rootObject = A100000000000000000090 /* Project object */;
}
